split:
  cmd: python3 code/src/split.py data/src/sales_train.csv
  deps:
  - path: code/src/split.py
    md5: c5384277f2e73ab99c97c960f8074598
  - path: data/src/
    md5: 76e0a38eb1da9c30f1ecdfca4f3e7f9a.dir
  - path: data/src/sales_train.csv
    md5: bc7e53cc48549aba37d690093256facf
  params:
    params.yaml:
      split.train_end_date: '2015-10-01'
      split.train_start_date: '2000-01-01'
      split.val_end_date: '2015-11-01'
  outs:
  - path: data/train/
    md5: f68f9b7a3ddca9dea6267e552fcdc29e.dir
  - path: data/val/
    md5: 77f3e34f43a02279a63096852ce3d5a1.dir
generate_features:
  cmd: python3 code/src/generate_features.py data/train data/val data/src
  deps:
  - path: code/src/generate_features.py
    md5: 379f6dc514f48642e98b81ea7e93249f
  - path: data/src/
    md5: 76e0a38eb1da9c30f1ecdfca4f3e7f9a.dir
  - path: data/train/
    md5: f68f9b7a3ddca9dea6267e552fcdc29e.dir
  - path: data/val/
    md5: 77f3e34f43a02279a63096852ce3d5a1.dir
  outs:
  - path: data/prepared/test/
    md5: d751713988987e9331980363e24189ce.dir
  - path: data/prepared/train/
    md5: 2f985935bc8b179745cb14b24da36cea.dir
  - path: data/prepared/val/
    md5: 1298e9e77b6e1525bd2dfe01cda18802.dir
train:
  cmd: python3 code/src/train.py data/prepared/train
  deps:
  - path: code/src/train.py
    md5: 474db15ea28ad1812371347d1c592a5d
  - path: data/prepared/train/
    md5: 2f985935bc8b179745cb14b24da36cea.dir
  params:
    params.yaml:
      train:
        n_estimators: 200
        criterion: friedman_mse
        verbose: true
        random_state: 42
  outs:
  - path: model.pkl
    md5: 9251b4813e978e9910ff55574534b952
evaluate:
  cmd: python3 code/src/evaluate.py data/prepared/val data/src/
  deps:
  - path: code/src/evaluate.py
    md5: 96c5b49d2fbad5954ecd590bf245998b
  - path: data/prepared/val/
    md5: 1298e9e77b6e1525bd2dfe01cda18802.dir
  - path: data/src/
    md5: 76e0a38eb1da9c30f1ecdfca4f3e7f9a.dir
  - path: model.pkl
    md5: 9251b4813e978e9910ff55574534b952
  outs:
  - path: metrics.json
    md5: 1c76d5d89c3b7e22aed6d0001f12a762
